// !$*UTF8*$!
{
	archiveVersion = 1;
	classes = {
	};
	objectVersion = 50;
	objects = {

/* Begin PBXBuildFile section */
		8D2824202671F3CF00FB5753 /* AppDelegate.swift in Sources */ = {isa = PBXBuildFile; fileRef = 8D28241F2671F3CF00FB5753 /* AppDelegate.swift */; };
		8D2824222671F3CF00FB5753 /* SceneDelegate.swift in Sources */ = {isa = PBXBuildFile; fileRef = 8D2824212671F3CF00FB5753 /* SceneDelegate.swift */; };
		8D2824242671F3CF00FB5753 /* ViewController.swift in Sources */ = {isa = PBXBuildFile; fileRef = 8D2824232671F3CF00FB5753 /* ViewController.swift */; };
		8D2824272671F3CF00FB5753 /* Main.storyboard in Resources */ = {isa = PBXBuildFile; fileRef = 8D2824252671F3CF00FB5753 /* Main.storyboard */; };
		8D2824292671F3D000FB5753 /* Assets.xcassets in Resources */ = {isa = PBXBuildFile; fileRef = 8D2824282671F3D000FB5753 /* Assets.xcassets */; };
		8D28242C2671F3D000FB5753 /* LaunchScreen.storyboard in Resources */ = {isa = PBXBuildFile; fileRef = 8D28242A2671F3D000FB5753 /* LaunchScreen.storyboard */; };
		8D28243D2671FACA00FB5753 /* FirstCollectionViewCell.swift in Sources */ = {isa = PBXBuildFile; fileRef = 8D28243B2671FACA00FB5753 /* FirstCollectionViewCell.swift */; };
		8D28243E2671FACA00FB5753 /* FirstCollectionViewCell.xib in Resources */ = {isa = PBXBuildFile; fileRef = 8D28243C2671FACA00FB5753 /* FirstCollectionViewCell.xib */; };
		8D2824422671FAF200FB5753 /* SecondCollectionViewCell.swift in Sources */ = {isa = PBXBuildFile; fileRef = 8D2824402671FAF200FB5753 /* SecondCollectionViewCell.swift */; };
		8D2824432671FAF200FB5753 /* SecondCollectionViewCell.xib in Resources */ = {isa = PBXBuildFile; fileRef = 8D2824412671FAF200FB5753 /* SecondCollectionViewCell.xib */; };
/* End PBXBuildFile section */

/* Begin PBXFileReference section */
		8D28241C2671F3CF00FB5753 /* TwoCollectionView.app */ = {isa = PBXFileReference; explicitFileType = wrapper.application; includeInIndex = 0; path = TwoCollectionView.app; sourceTree = BUILT_PRODUCTS_DIR; };
		8D28241F2671F3CF00FB5753 /* AppDelegate.swift */ = {isa = PBXFileReference; lastKnownFileType = sourcecode.swift; path = AppDelegate.swift; sourceTree = "<group>"; };
		8D2824212671F3CF00FB5753 /* SceneDelegate.swift */ = {isa = PBXFileReference; lastKnownFileType = sourcecode.swift; path = SceneDelegate.swift; sourceTree = "<group>"; };
		8D2824232671F3CF00FB5753 /* ViewController.swift */ = {isa = PBXFileReference; lastKnownFileType = sourcecode.swift; path = ViewController.swift; sourceTree = "<group>"; };
		8D2824262671F3CF00FB5753 /* Base */ = {isa = PBXFileReference; lastKnownFileType = file.storyboard; name = Base; path = Base.lproj/Main.storyboard; sourceTree = "<group>"; };
		8D2824282671F3D000FB5753 /* Assets.xcassets */ = {isa = PBXFileReference; lastKnownFileType = folder.assetcatalog; path = Assets.xcassets; sourceTree = "<group>"; };
		8D28242B2671F3D000FB5753 /* Base */ = {isa = PBXFileReference; lastKnownFileType = file.storyboard; name = Base; path = Base.lproj/LaunchScreen.storyboard; sourceTree = "<group>"; };
		8D28242D2671F3D000FB5753 /* Info.plist */ = {isa = PBXFileReference; lastKnownFileType = text.plist.xml; path = Info.plist; sourceTree = "<group>"; };
		8D28243B2671FACA00FB5753 /* FirstCollectionViewCell.swift */ = {isa = PBXFileReference; lastKnownFileType = sourcecode.swift; path = FirstCollectionViewCell.swift; sourceTree = "<group>"; };
		8D28243C2671FACA00FB5753 /* FirstCollectionViewCell.xib */ = {isa = PBXFileReference; lastKnownFileType = file.xib; path = FirstCollectionViewCell.xib; sourceTree = "<group>"; };
		8D2824402671FAF200FB5753 /* SecondCollectionViewCell.swift */ = {isa = PBXFileReference; lastKnownFileType = sourcecode.swift; path = SecondCollectionViewCell.swift; sourceTree = "<group>"; };
		8D2824412671FAF200FB5753 /* SecondCollectionViewCell.xib */ = {isa = PBXFileReference; lastKnownFileType = file.xib; path = SecondCollectionViewCell.xib; sourceTree = "<group>"; };
/* End PBXFileReference section */

/* Begin PBXFrameworksBuildPhase section */
		8D2824192671F3CF00FB5753 /* Frameworks */ = {
			isa = PBXFrameworksBuildPhase;
			buildActionMask = 2147483647;
			files = (
			);
			runOnlyForDeploymentPostprocessing = 0;
		};
/* End PBXFrameworksBuildPhase section */

/* Begin PBXGroup section */
		8D2824132671F3CF00FB5753 = {
			isa = PBXGroup;
			children = (
				8D28241E2671F3CF00FB5753 /* TwoCollectionView */,
				8D28241D2671F3CF00FB5753 /* Products */,
			);
			sourceTree = "<group>";
		};
		8D28241D2671F3CF00FB5753 /* Products */ = {
			isa = PBXGroup;
			children = (
				8D28241C2671F3CF00FB5753 /* TwoCollectionView.app */,
			);
			name = Products;
			sourceTree = "<group>";
		};
		8D28241E2671F3CF00FB5753 /* TwoCollectionView */ = {
			isa = PBXGroup;
			children = (
				8D28241F2671F3CF00FB5753 /* AppDelegate.swift */,
				8D2824212671F3CF00FB5753 /* SceneDelegate.swift */,
				8D2824232671F3CF00FB5753 /* ViewController.swift */,
				8D2824252671F3CF00FB5753 /* Main.storyboard */,
				8D2824282671F3D000FB5753 /* Assets.xcassets */,
				8D28242A2671F3D000FB5753 /* LaunchScreen.storyboard */,
				8D28242D2671F3D000FB5753 /* Info.plist */,
				8D28243B2671FACA00FB5753 /* FirstCollectionViewCell.swift */,
				8D28243C2671FACA00FB5753 /* FirstCollectionViewCell.xib */,
				8D2824402671FAF200FB5753 /* SecondCollectionViewCell.swift */,
				8D2824412671FAF200FB5753 /* SecondCollectionViewCell.xib */,
			);
			path = TwoCollectionView;
			sourceTree = "<group>";
		};
/* End PBXGroup section */

/* Begin PBXNativeTarget section */
		8D28241B2671F3CF00FB5753 /* TwoCollectionView */ = {
			isa = PBXNativeTarget;
			buildConfigurationList = 8D2824302671F3D000FB5753 /* Build configuration list for PBXNativeTarget "TwoCollectionView" */;
			buildPhases = (
				8D2824182671F3CF00FB5753 /* Sources */,
				8D2824192671F3CF00FB5753 /* Frameworks */,
				8D28241A2671F3CF00FB5753 /* Resources */,
			);
			buildRules = (
			);
			dependencies = (
			);
			name = TwoCollectionView;
			productName = TwoCollectionView;
			productReference = 8D28241C2671F3CF00FB5753 /* TwoCollectionView.app */;
			productType = "com.apple.product-type.application";
		};
/* End PBXNativeTarget section */

/* Begin PBXProject section */
		8D2824142671F3CF00FB5753 /* Project object */ = {
			isa = PBXProject;
			attributes = {
				LastSwiftUpdateCheck = 1220;
				LastUpgradeCheck = 1220;
				TargetAttributes = {
					8D28241B2671F3CF00FB5753 = {
						CreatedOnToolsVersion = 12.2;
					};
				};
			};
			buildConfigurationList = 8D2824172671F3CF00FB5753 /* Build configuration list for PBXProject "TwoCollectionView" */;
			compatibilityVersion = "Xcode 9.3";
			developmentRegion = en;
			hasScannedForEncodings = 0;
			knownRegions = (
				en,
				Base,
			);
			mainGroup = 8D2824132671F3CF00FB5753;
			productRefGroup = 8D28241D2671F3CF00FB5753 /* Products */;
			projectDirPath = "";
			projectRoot = "";
			targets = (
				8D28241B2671F3CF00FB5753 /* TwoCollectionView */,
			);
		};
/* End PBXProject section */

/* Begin PBXResourcesBuildPhase section */
		8D28241A2671F3CF00FB5753 /* Resources */ = {
			isa = PBXResourcesBuildPhase;
			buildActionMask = 2147483647;
			files = (
				8D28242C2671F3D000FB5753 /* LaunchScreen.storyboard in Resources */,
				8D2824292671F3D000FB5753 /* Assets.xcassets in Resources */,
				8D2824272671F3CF00FB5753 /* Main.storyboard in Resources */,
				8D28243E2671FACA00FB5753 /* FirstCollectionViewCell.xib in Resources */,
				8D2824432671FAF200FB5753 /* SecondCollectionViewCell.xib in Resources */,
			);
			runOnlyForDeploymentPostprocessing = 0;
		};
/* End PBXResourcesBuildPhase section */

/* Begin PBXSourcesBuildPhase section */
		8D2824182671F3CF00FB5753 /* Sources */ = {
			isa = PBXSourcesBuildPhase;
			buildActionMask = 2147483647;
			files = (
				8D2824242671F3CF00FB5753 /* ViewController.swift in Sources */,
				8D2824202671F3CF00FB5753 /* AppDelegate.swift in Sources */,
				8D2824422671FAF200FB5753 /* SecondCollectionViewCell.swift in Sources */,
				8D2824222671F3CF00FB5753 /* SceneDelegate.swift in Sources */,
				8D28243D2671FACA00FB5753 /* FirstCollectionViewCell.swift in Sources */,
			);
			runOnlyForDeploymentPostprocessing = 0;
		};
/* End PBXSourcesBuildPhase section */

/* Begin PBXVariantGroup section */
		8D2824252671F3CF00FB5753 /* Main.storyboard */ = {
			isa = PBXVariantGroup;
			children = (
				8D2824262671F3CF00FB5753 /* Base */,
			);
			name = Main.storyboard;
			sourceTree = "<group>";
		};
		8D28242A2671F3D000FB5753 /* LaunchScreen.storyboard */ = {
			isa = PBXVariantGroup;
			children = (
				8D28242B2671F3D000FB5753 /* Base */,
			);
			name = LaunchScreen.storyboard;
			sourceTree = "<group>";
		};
/* End PBXVariantGroup section */

/* Begin XCBuildConfiguration section */
		8D28242E2671F3D000FB5753 /* Debug */ = {
			isa = XCBuildConfiguration;
			buildSettings = {
				ALWAYS_SEARCH_USER_PATHS = NO;
				CLANG_ANALYZER_NONNULL = YES;
				CLANG_ANALYZER_NUMBER_OBJECT_CONVERSION = YES_AGGRESSIVE;
				CLANG_CXX_LANGUAGE_STANDARD = "gnu++14";
				CLANG_CXX_LIBRARY = "libc++";
				CLANG_ENABLE_MODULES = YES;
				CLANG_ENABLE_OBJC_ARC = YES;
				CLANG_ENABLE_OBJC_WEAK = YES;
				CLANG_WARN_BLOCK_CAPTURE_AUTORELEASING = YES;
				CLANG_WARN_BOOL_CONVERSION = YES;
				CLANG_WARN_COMMA = YES;
				CLANG_WARN_CONSTANT_CONVERSION = YES;
				CLANG_WARN_DEPRECATED_OBJC_IMPLEMENTATIONS = YES;
				CLANG_WARN_DIRECT_OBJC_ISA_USAGE = YES_ERROR;
				CLANG_WARN_DOCUMENTATION_COMMENTS = YES;
				CLANG_WARN_EMPTY_BODY = YES;
				CLANG_WARN_ENUM_CONVERSION = YES;
				CLANG_WARN_INFINITE_RECURSION = YES;
				CLANG_WARN_INT_CONVERSION = YES;
				CLANG_WARN_NON_LITERAL_NULL_CONVERSION = YES;
				CLANG_WARN_OBJC_IMPLICIT_RETAIN_SELF = YES;
				CLANG_WARN_OBJC_LITERAL_CONVERSION = YES;
				CLANG_WARN_OBJC_ROOT_CLASS = YES_ERROR;
				CLANG_WARN_QUOTED_INCLUDE_IN_FRAMEWORK_HEADER = YES;
				CLANG_WARN_RANGE_LOOP_ANALYSIS = YES;
				CLANG_WARN_STRICT_PROTOTYPES = YES;
				CLANG_WARN_SUSPICIOUS_MOVE = YES;
				CLANG_WARN_UNGUARDED_AVAILABILITY = YES_AGGRESSIVE;
				CLANG_WARN_UNREACHABLE_CODE = YES;
				CLANG_WARN__DUPLICATE_METHOD_MATCH = YES;
				COPY_PHASE_STRIP = NO;
				DEBUG_INFORMATION_FORMAT = dwarf;
				ENABLE_STRICT_OBJC_MSGSEND = YES;
				ENABLE_TESTABILITY = YES;
				GCC_C_LANGUAGE_STANDARD = gnu11;
				GCC_DYNAMIC_NO_PIC = NO;
				GCC_NO_COMMON_BLOCKS = YES;
				GCC_OPTIMIZATION_LEVEL = 0;
				GCC_PREPROCESSOR_DEFINITIONS = (
					"DEBUG=1",
					"$(inherited)",
				);
				GCC_WARN_64_TO_32_BIT_CONVERSION = YES;
				GCC_WARN_ABOUT_RETURN_TYPE = YES_ERROR;
				GCC_WARN_UNDECLARED_SELECTOR = YES;
				GCC_WARN_UNINITIALIZED_AUTOS = YES_AGGRESSIVE;
				GCC_WARN_UNUSED_FUNCTION = YES;
				GCC_WARN_UNUSED_VARIABLE = YES;
				IPHONEOS_DEPLOYMENT_TARGET = 14.2;
				MTL_ENABLE_DEBUG_INFO = INCLUDE_SOURCE;
				MTL_FAST_MATH = YES;
				ONLY_ACTIVE_ARCH = YES;
				SDKROOT = iphoneos;
				SWIFT_ACTIVE_COMPILATION_CONDITIONS = DEBUG;
				SWIFT_OPTIMIZATION_LEVEL = "-Onone";
			};
			name = Debug;
		};
		8D28242F2671F3D000FB5753 /* Release */ = {
			isa = XCBuildConfiguration;
			buildSettings = {
				ALWAYS_SEARCH_USER_PATHS = NO;
				CLANG_ANALYZER_NONNULL = YES;
				CLANG_ANALYZER_NUMBER_OBJECT_CONVERSION = YES_AGGRESSIVE;
				CLANG_CXX_LANGUAGE_STANDARD = "gnu++14";
				CLANG_CXX_LIBRARY = "libc++";
				CLANG_ENABLE_MODULES = YES;
				CLANG_ENABLE_OBJC_ARC = YES;
				CLANG_ENABLE_OBJC_WEAK = YES;
				CLANG_WARN_BLOCK_CAPTURE_AUTORELEASING = YES;
				CLANG_WARN_BOOL_CONVERSION = YES;
				CLANG_WARN_COMMA = YES;
				CLANG_WARN_CONSTANT_CONVERSION = YES;
				CLANG_WARN_DEPRECATED_OBJC_IMPLEMENTATIONS = YES;
				CLANG_WARN_DIRECT_OBJC_ISA_USAGE = YES_ERROR;
				CLANG_WARN_DOCUMENTATION_COMMENTS = YES;
				CLANG_WARN_EMPTY_BODY = YES;
				CLANG_WARN_ENUM_CONVERSION = YES;
				CLANG_WARN_INFINITE_RECURSION = YES;
				CLANG_WARN_INT_CONVERSION = YES;
				CLANG_WARN_NON_LITERAL_NULL_CONVERSION = YES;
				CLANG_WARN_OBJC_IMPLICIT_RETAIN_SELF = YES;
				CLANG_WARN_OBJC_LITERAL_CONVERSION = YES;
				CLANG_WARN_OBJC_ROOT_CLASS = YES_ERROR;
				CLANG_WARN_QUOTED_INCLUDE_IN_FRAMEWORK_HEADER = YES;
				CLANG_WARN_RANGE_LOOP_ANALYSIS = YES;
				CLANG_WARN_STRICT_PROTOTYPES = YES;
				CLANG_WARN_SUSPICIOUS_MOVE = YES;
				CLANG_WARN_UNGUARDED_AVAILABILITY = YES_AGGRESSIVE;
				CLANG_WARN_UNREACHABLE_CODE = YES;
				CLANG_WARN__DUPLICATE_METHOD_MATCH = YES;
				COPY_PHASE_STRIP = NO;
				DEBUG_INFORMATION_FORMAT = "dwarf-with-dsym";
				ENABLE_NS_ASSERTIONS = NO;
				ENABLE_STRICT_OBJC_MSGSEND = YES;
				GCC_C_LANGUAGE_STANDARD = gnu11;
				GCC_NO_COMMON_BLOCKS = YES;
				GCC_WARN_64_TO_32_BIT_CONVERSION = YES;
				GCC_WARN_ABOUT_RETURN_TYPE = YES_ERROR;
				GCC_WARN_UNDECLARED_SELECTOR = YES;
				GCC_WARN_UNINITIALIZED_AUTOS = YES_AGGRESSIVE;
				GCC_WARN_UNUSED_FUNCTION = YES;
				GCC_WARN_UNUSED_VARIABLE = YES;
				IPHONEOS_DEPLOYMENT_TARGET = 14.2;
				MTL_ENABLE_DEBUG_INFO = NO;
				MTL_FAST_MATH = YES;
				SDKROOT = iphoneos;
				SWIFT_COMPILATION_MODE = wholemodule;
				SWIFT_OPTIMIZATION_LEVEL = "-O";
				VALIDATE_PRODUCT = YES;
			};
			name = Release;
		};
		8D2824312671F3D000FB5753 /* Debug */ = {
			isa = XCBuildConfiguration;
			buildSettings = {
				ASSETCATALOG_COMPILER_APPICON_NAME = AppIcon;
				ASSETCATALOG_COMPILER_GLOBAL_ACCENT_COLOR_NAME = AccentColor;
				CODE_SIGN_STYLE = Automatic;
				INFOPLIST_FILE = TwoCollectionView/Info.plist;
				LD_RUNPATH_SEARCH_PATHS = (
					"$(inherited)",
					"@executable_path/Frameworks",
				);
				PRODUCT_BUNDLE_IDENTIFIER = armok.TwoCollectionView;
				PRODUCT_NAME = "$(TARGET_NAME)";
				SWIFT_VERSION = 5.0;
				TARGETED_DEVICE_FAMILY = "1,2";
			};
			name = Debug;
		};
		8D2824322671F3D000FB5753 /* Release */ = {
			isa = XCBuildConfiguration;
			buildSettings = {
				ASSETCATALOG_COMPILER_APPICON_NAME = AppIcon;
				ASSETCATALOG_COMPILER_GLOBAL_ACCENT_COLOR_NAME = AccentColor;
				CODE_SIGN_STYLE = Automatic;
				INFOPLIST_FILE = TwoCollectionView/Info.plist;
				LD_RUNPATH_SEARCH_PATHS = (
					"$(inherited)",
					"@executable_path/Frameworks",
				);
				PRODUCT_BUNDLE_IDENTIFIER = armok.TwoCollectionView;
				PRODUCT_NAME = "$(TARGET_NAME)";
				SWIFT_VERSION = 5.0;
				TARGETED_DEVICE_FAMILY = "1,2";
			};
			name = Release;
		};
/* End XCBuildConfiguration section */

/* Begin XCConfigurationList section */
		8D2824172671F3CF00FB5753 /* Build configuration list for PBXProject "TwoCollectionView" */ = {
			isa = XCConfigurationList;
			buildConfigurations = (
				8D28242E2671F3D000FB5753 /* Debug */,
				8D28242F2671F3D000FB5753 /* Release */,
			);
			defaultConfigurationIsVisible = 0;
			defaultConfigurationName = Release;
		};
		8D2824302671F3D000FB5753 /* Build configuration list for PBXNativeTarget "TwoCollectionView" */ = {
			isa = XCConfigurationList;
			buildConfigurations = (
				8D2824312671F3D000FB5753 /* Debug */,
				8D2824322671F3D000FB5753 /* Release */,
			);
			defaultConfigurationIsVisible = 0;
			defaultConfigurationName = Release;
		};
/* End XCConfigurationList section */
	};
	rootObject = 8D2824142671F3CF00FB5753 /* Project object */;
}
